
Microsoft Visual Studio Solution File, Format Version 15.00
# Visual Studio 2017
Project("{FAE04EC0-301F-11D3-BF4B-00C04F79EFBC}") = "thechurchapp.api", "thechurchapp.api.csproj", "{2B78B62B-959F-434A-B59E-F4F241E87B4E}"
EndProject
Global
	GlobalSection(SolutionConfigurationPlatforms) = preSolution
		Debug|Any CPU = Debug|Any CPU
		Release|Any CPU = Release|Any CPU
	EndGlobalSection
	GlobalSection(ProjectConfigurationPlatforms) = postSolution
		{2B78B62B-959F-434A-B59E-F4F241E87B4E}.Debug|Any CPU.ActiveCfg = Debug|Any CPU
		{2B78B62B-959F-434A-B59E-F4F241E87B4E}.Debug|Any CPU.Build.0 = Debug|Any CPU
		{2B78B62B-959F-434A-B59E-F4F241E87B4E}.Release|Any CPU.ActiveCfg = Release|Any CPU
		{2B78B62B-959F-434A-B59E-F4F241E87B4E}.Release|Any CPU.Build.0 = Release|Any CPU
	EndGlobalSection
EndGlobal
